PODS:
  - rapidjson (1.1.0)
  - Tink (1.6.1):
    - rapidjson (~> 1.1.0)

DEPENDENCIES:
  - Tink

SPEC REPOS:
  trunk:
    - rapidjson
    - Tink

SPEC CHECKSUMS:
  rapidjson: 926ddeea70d7a0987b6d746cd9fa51f165467cd3
  Tink: 6bc1e1c5381a750ca2ee7e897cc3ee448bfe175d

PODFILE CHECKSUM: 4dfa7b69ec446116da44c614453bfef4bdf27e7c

COCOAPODS: 1.12.0
